
Microsoft Visual Studio Solution File, Format Version 12.00
# Visual Studio Version 16
VisualStudioVersion = 16.0.29021.104
MinimumVisualStudioVersion = 10.0.40219.1
Project("{FAE04EC0-301F-11D3-BF4B-00C04F79EFBC}") = "CardCatalog", "CardCatalog\CardCatalog.csproj", "{3499CF7F-0E74-45D0-92CD-648EA222E9FC}"
EndProject
Global
	GlobalSection(SolutionConfigurationPlatforms) = preSolution
		Debug|Any CPU = Debug|Any CPU
		Release|Any CPU = Release|Any CPU
	EndGlobalSection
	GlobalSection(ProjectConfigurationPlatforms) = postSolution
		{3499CF7F-0E74-45D0-92CD-648EA222E9FC}.Debug|Any CPU.ActiveCfg = Debug|Any CPU
		{3499CF7F-0E74-45D0-92CD-648EA222E9FC}.Debug|Any CPU.Build.0 = Debug|Any CPU
		{3499CF7F-0E74-45D0-92CD-648EA222E9FC}.Release|Any CPU.ActiveCfg = Release|Any CPU
		{3499CF7F-0E74-45D0-92CD-648EA222E9FC}.Release|Any CPU.Build.0 = Release|Any CPU
	EndGlobalSection
	GlobalSection(SolutionProperties) = preSolution
		HideSolutionNode = FALSE
	EndGlobalSection
	GlobalSection(ExtensibilityGlobals) = postSolution
		SolutionGuid = {2A44F2E8-DCFC-4D9E-ABF0-954BEFFE9EF3}
	EndGlobalSection
EndGlobal
