
Microsoft Visual Studio Solution File, Format Version 12.00
# Visual Studio Version 16
VisualStudioVersion = 16.0.29021.104
MinimumVisualStudioVersion = 10.0.40219.1
Project("{FAE04EC0-301F-11D3-BF4B-00C04F79EFBC}") = "NullableRefsSample", "NullableRefsSample\NullableRefsSample.csproj", "{70CA2BB1-E024-4AC7-8389-F3982B8B2F97}"
EndProject
Global
	GlobalSection(SolutionConfigurationPlatforms) = preSolution
		Debug|Any CPU = Debug|Any CPU
		Release|Any CPU = Release|Any CPU
	EndGlobalSection
	GlobalSection(ProjectConfigurationPlatforms) = postSolution
		{70CA2BB1-E024-4AC7-8389-F3982B8B2F97}.Debug|Any CPU.ActiveCfg = Debug|Any CPU
		{70CA2BB1-E024-4AC7-8389-F3982B8B2F97}.Debug|Any CPU.Build.0 = Debug|Any CPU
		{70CA2BB1-E024-4AC7-8389-F3982B8B2F97}.Release|Any CPU.ActiveCfg = Release|Any CPU
		{70CA2BB1-E024-4AC7-8389-F3982B8B2F97}.Release|Any CPU.Build.0 = Release|Any CPU
	EndGlobalSection
	GlobalSection(SolutionProperties) = preSolution
		HideSolutionNode = FALSE
	EndGlobalSection
	GlobalSection(ExtensibilityGlobals) = postSolution
		SolutionGuid = {0133AC67-2AFC-44BC-8EB6-65FF74E7F913}
	EndGlobalSection
EndGlobal
